// !$*UTF8*$!
{
	archiveVersion = 1;
	classes = {
	};
	objectVersion = 50;
	objects = {

/* Begin PBXBuildFile section */
		224FC7F020888CAB000F8B57 /* AppDelegate.swift in Sources */ = {isa = PBXBuildFile; fileRef = 224FC7EF20888CAB000F8B57 /* AppDelegate.swift */; };
		224FC7F220888CAB000F8B57 /* TodoListViewController.swift in Sources */ = {isa = PBXBuildFile; fileRef = 224FC7F120888CAB000F8B57 /* TodoListViewController.swift */; };
		224FC7F520888CAB000F8B57 /* Main.storyboard in Resources */ = {isa = PBXBuildFile; fileRef = 224FC7F320888CAB000F8B57 /* Main.storyboard */; };
		224FC7F720888CAD000F8B57 /* Assets.xcassets in Resources */ = {isa = PBXBuildFile; fileRef = 224FC7F620888CAD000F8B57 /* Assets.xcassets */; };
		224FC7FA20888CAD000F8B57 /* LaunchScreen.storyboard in Resources */ = {isa = PBXBuildFile; fileRef = 224FC7F820888CAD000F8B57 /* LaunchScreen.storyboard */; };
		22560EBA208A03DD0065A7FD /* DataModel.xcdatamodeld in Sources */ = {isa = PBXBuildFile; fileRef = 22560EB8208A03DD0065A7FD /* DataModel.xcdatamodeld */; };
		22883900208E219A005DFBEE /* CategoryViewController.swift in Sources */ = {isa = PBXBuildFile; fileRef = 228838FF208E219A005DFBEE /* CategoryViewController.swift */; };
/* End PBXBuildFile section */

/* Begin PBXFileReference section */
		224FC7EC20888CAB000F8B57 /* Todoey.app */ = {isa = PBXFileReference; explicitFileType = wrapper.application; includeInIndex = 0; path = Todoey.app; sourceTree = BUILT_PRODUCTS_DIR; };
		224FC7EF20888CAB000F8B57 /* AppDelegate.swift */ = {isa = PBXFileReference; lastKnownFileType = sourcecode.swift; path = AppDelegate.swift; sourceTree = "<group>"; };
		224FC7F120888CAB000F8B57 /* TodoListViewController.swift */ = {isa = PBXFileReference; lastKnownFileType = sourcecode.swift; path = TodoListViewController.swift; sourceTree = "<group>"; };
		224FC7F420888CAB000F8B57 /* Base */ = {isa = PBXFileReference; lastKnownFileType = file.storyboard; name = Base; path = Base.lproj/Main.storyboard; sourceTree = "<group>"; };
		224FC7F620888CAD000F8B57 /* Assets.xcassets */ = {isa = PBXFileReference; lastKnownFileType = folder.assetcatalog; path = Assets.xcassets; sourceTree = "<group>"; };
		224FC7F920888CAD000F8B57 /* Base */ = {isa = PBXFileReference; lastKnownFileType = file.storyboard; name = Base; path = Base.lproj/LaunchScreen.storyboard; sourceTree = "<group>"; };
		224FC7FB20888CAD000F8B57 /* Info.plist */ = {isa = PBXFileReference; lastKnownFileType = text.plist.xml; path = Info.plist; sourceTree = "<group>"; };
		22560EB9208A03DD0065A7FD /* DataModel.xcdatamodel */ = {isa = PBXFileReference; lastKnownFileType = wrapper.xcdatamodel; path = DataModel.xcdatamodel; sourceTree = "<group>"; };
		228838FF208E219A005DFBEE /* CategoryViewController.swift */ = {isa = PBXFileReference; lastKnownFileType = sourcecode.swift; path = CategoryViewController.swift; sourceTree = "<group>"; };
/* End PBXFileReference section */

/* Begin PBXFrameworksBuildPhase section */
		224FC7E920888CAB000F8B57 /* Frameworks */ = {
			isa = PBXFrameworksBuildPhase;
			buildActionMask = 2147483647;
			files = (
			);
			runOnlyForDeploymentPostprocessing = 0;
		};
/* End PBXFrameworksBuildPhase section */

/* Begin PBXGroup section */
		224FC7E320888CAB000F8B57 = {
			isa = PBXGroup;
			children = (
				224FC7EE20888CAB000F8B57 /* Todoey */,
				224FC7ED20888CAB000F8B57 /* Products */,
			);
			sourceTree = "<group>";
		};
		224FC7ED20888CAB000F8B57 /* Products */ = {
			isa = PBXGroup;
			children = (
				224FC7EC20888CAB000F8B57 /* Todoey.app */,
			);
			name = Products;
			sourceTree = "<group>";
		};
		224FC7EE20888CAB000F8B57 /* Todoey */ = {
			isa = PBXGroup;
			children = (
				224FC7EF20888CAB000F8B57 /* AppDelegate.swift */,
				22560EB52089E2110065A7FD /* Controllers */,
				22560EB62089E2260065A7FD /* Views */,
				22560EB72089E2460065A7FD /* Supporting Files */,
				224FC7FB20888CAD000F8B57 /* Info.plist */,
				22560EB42089E1F60065A7FD /* Data Model */,
			);
			path = Todoey;
			sourceTree = "<group>";
		};
		22560EB42089E1F60065A7FD /* Data Model */ = {
			isa = PBXGroup;
			children = (
				22560EB8208A03DD0065A7FD /* DataModel.xcdatamodeld */,
			);
			path = "Data Model";
			sourceTree = "<group>";
		};
		22560EB52089E2110065A7FD /* Controllers */ = {
			isa = PBXGroup;
			children = (
				228838FF208E219A005DFBEE /* CategoryViewController.swift */,
				224FC7F120888CAB000F8B57 /* TodoListViewController.swift */,
			);
			path = Controllers;
			sourceTree = "<group>";
		};
		22560EB62089E2260065A7FD /* Views */ = {
			isa = PBXGroup;
			children = (
				224FC7F320888CAB000F8B57 /* Main.storyboard */,
			);
			path = Views;
			sourceTree = "<group>";
		};
		22560EB72089E2460065A7FD /* Supporting Files */ = {
			isa = PBXGroup;
			children = (
				224FC7F620888CAD000F8B57 /* Assets.xcassets */,
				224FC7F820888CAD000F8B57 /* LaunchScreen.storyboard */,
			);
			path = "Supporting Files";
			sourceTree = "<group>";
		};
/* End PBXGroup section */

/* Begin PBXNativeTarget section */
		224FC7EB20888CAB000F8B57 /* Todoey */ = {
			isa = PBXNativeTarget;
			buildConfigurationList = 224FC7FE20888CAD000F8B57 /* Build configuration list for PBXNativeTarget "Todoey" */;
			buildPhases = (
				224FC7E820888CAB000F8B57 /* Sources */,
				224FC7E920888CAB000F8B57 /* Frameworks */,
				224FC7EA20888CAB000F8B57 /* Resources */,
			);
			buildRules = (
			);
			dependencies = (
			);
			name = Todoey;
			productName = Todoey;
			productReference = 224FC7EC20888CAB000F8B57 /* Todoey.app */;
			productType = "com.apple.product-type.application";
		};
/* End PBXNativeTarget section */

/* Begin PBXProject section */
		224FC7E420888CAB000F8B57 /* Project object */ = {
			isa = PBXProject;
			attributes = {
				LastSwiftUpdateCheck = 0930;
				LastUpgradeCheck = 0930;
				TargetAttributes = {
					224FC7EB20888CAB000F8B57 = {
						CreatedOnToolsVersion = 9.3;
					};
				};
			};
			buildConfigurationList = 224FC7E720888CAB000F8B57 /* Build configuration list for PBXProject "Todoey" */;
			compatibilityVersion = "Xcode 9.3";
			developmentRegion = en;
			hasScannedForEncodings = 0;
			knownRegions = (
				en,
				Base,
			);
			mainGroup = 224FC7E320888CAB000F8B57;
			productRefGroup = 224FC7ED20888CAB000F8B57 /* Products */;
			projectDirPath = "";
			projectRoot = "";
			targets = (
				224FC7EB20888CAB000F8B57 /* Todoey */,
			);
		};
/* End PBXProject section */

/* Begin PBXResourcesBuildPhase section */
		224FC7EA20888CAB000F8B57 /* Resources */ = {
			isa = PBXResourcesBuildPhase;
			buildActionMask = 2147483647;
			files = (
				224FC7FA20888CAD000F8B57 /* LaunchScreen.storyboard in Resources */,
				224FC7F720888CAD000F8B57 /* Assets.xcassets in Resources */,
				224FC7F520888CAB000F8B57 /* Main.storyboard in Resources */,
			);
			runOnlyForDeploymentPostprocessing = 0;
		};
/* End PBXResourcesBuildPhase section */

/* Begin PBXSourcesBuildPhase section */
		224FC7E820888CAB000F8B57 /* Sources */ = {
			isa = PBXSourcesBuildPhase;
			buildActionMask = 2147483647;
			files = (
				22883900208E219A005DFBEE /* CategoryViewController.swift in Sources */,
				224FC7F220888CAB000F8B57 /* TodoListViewController.swift in Sources */,
				22560EBA208A03DD0065A7FD /* DataModel.xcdatamodeld in Sources */,
				224FC7F020888CAB000F8B57 /* AppDelegate.swift in Sources */,
			);
			runOnlyForDeploymentPostprocessing = 0;
		};
/* End PBXSourcesBuildPhase section */

/* Begin PBXVariantGroup section */
		224FC7F320888CAB000F8B57 /* Main.storyboard */ = {
			isa = PBXVariantGroup;
			children = (
				224FC7F420888CAB000F8B57 /* Base */,
			);
			name = Main.storyboard;
			sourceTree = "<group>";
		};
		224FC7F820888CAD000F8B57 /* LaunchScreen.storyboard */ = {
			isa = PBXVariantGroup;
			children = (
				224FC7F920888CAD000F8B57 /* Base */,
			);
			name = LaunchScreen.storyboard;
			sourceTree = "<group>";
		};
/* End PBXVariantGroup section */

/* Begin XCBuildConfiguration section */
		224FC7FC20888CAD000F8B57 /* Debug */ = {
			isa = XCBuildConfiguration;
			buildSettings = {
				ALWAYS_SEARCH_USER_PATHS = NO;
				CLANG_ANALYZER_NONNULL = YES;
				CLANG_ANALYZER_NUMBER_OBJECT_CONVERSION = YES_AGGRESSIVE;
				CLANG_CXX_LANGUAGE_STANDARD = "gnu++14";
				CLANG_CXX_LIBRARY = "libc++";
				CLANG_ENABLE_MODULES = YES;
				CLANG_ENABLE_OBJC_ARC = YES;
				CLANG_ENABLE_OBJC_WEAK = YES;
				CLANG_WARN_BLOCK_CAPTURE_AUTORELEASING = YES;
				CLANG_WARN_BOOL_CONVERSION = YES;
				CLANG_WARN_COMMA = YES;
				CLANG_WARN_CONSTANT_CONVERSION = YES;
				CLANG_WARN_DEPRECATED_OBJC_IMPLEMENTATIONS = YES;
				CLANG_WARN_DIRECT_OBJC_ISA_USAGE = YES_ERROR;
				CLANG_WARN_DOCUMENTATION_COMMENTS = YES;
				CLANG_WARN_EMPTY_BODY = YES;
				CLANG_WARN_ENUM_CONVERSION = YES;
				CLANG_WARN_INFINITE_RECURSION = YES;
				CLANG_WARN_INT_CONVERSION = YES;
				CLANG_WARN_NON_LITERAL_NULL_CONVERSION = YES;
				CLANG_WARN_OBJC_IMPLICIT_RETAIN_SELF = YES;
				CLANG_WARN_OBJC_LITERAL_CONVERSION = YES;
				CLANG_WARN_OBJC_ROOT_CLASS = YES_ERROR;
				CLANG_WARN_RANGE_LOOP_ANALYSIS = YES;
				CLANG_WARN_STRICT_PROTOTYPES = YES;
				CLANG_WARN_SUSPICIOUS_MOVE = YES;
				CLANG_WARN_UNGUARDED_AVAILABILITY = YES_AGGRESSIVE;
				CLANG_WARN_UNREACHABLE_CODE = YES;
				CLANG_WARN__DUPLICATE_METHOD_MATCH = YES;
				CODE_SIGN_IDENTITY = "iPhone Developer";
				COPY_PHASE_STRIP = NO;
				DEBUG_INFORMATION_FORMAT = dwarf;
				ENABLE_STRICT_OBJC_MSGSEND = YES;
				ENABLE_TESTABILITY = YES;
				GCC_C_LANGUAGE_STANDARD = gnu11;
				GCC_DYNAMIC_NO_PIC = NO;
				GCC_NO_COMMON_BLOCKS = YES;
				GCC_OPTIMIZATION_LEVEL = 0;
				GCC_PREPROCESSOR_DEFINITIONS = (
					"DEBUG=1",
					"$(inherited)",
				);
				GCC_WARN_64_TO_32_BIT_CONVERSION = YES;
				GCC_WARN_ABOUT_RETURN_TYPE = YES_ERROR;
				GCC_WARN_UNDECLARED_SELECTOR = YES;
				GCC_WARN_UNINITIALIZED_AUTOS = YES_AGGRESSIVE;
				GCC_WARN_UNUSED_FUNCTION = YES;
				GCC_WARN_UNUSED_VARIABLE = YES;
				IPHONEOS_DEPLOYMENT_TARGET = 11.3;
				MTL_ENABLE_DEBUG_INFO = YES;
				ONLY_ACTIVE_ARCH = YES;
				SDKROOT = iphoneos;
				SWIFT_ACTIVE_COMPILATION_CONDITIONS = DEBUG;
				SWIFT_OPTIMIZATION_LEVEL = "-Onone";
			};
			name = Debug;
		};
		224FC7FD20888CAD000F8B57 /* Release */ = {
			isa = XCBuildConfiguration;
			buildSettings = {
				ALWAYS_SEARCH_USER_PATHS = NO;
				CLANG_ANALYZER_NONNULL = YES;
				CLANG_ANALYZER_NUMBER_OBJECT_CONVERSION = YES_AGGRESSIVE;
				CLANG_CXX_LANGUAGE_STANDARD = "gnu++14";
				CLANG_CXX_LIBRARY = "libc++";
				CLANG_ENABLE_MODULES = YES;
				CLANG_ENABLE_OBJC_ARC = YES;
				CLANG_ENABLE_OBJC_WEAK = YES;
				CLANG_WARN_BLOCK_CAPTURE_AUTORELEASING = YES;
				CLANG_WARN_BOOL_CONVERSION = YES;
				CLANG_WARN_COMMA = YES;
				CLANG_WARN_CONSTANT_CONVERSION = YES;
				CLANG_WARN_DEPRECATED_OBJC_IMPLEMENTATIONS = YES;
				CLANG_WARN_DIRECT_OBJC_ISA_USAGE = YES_ERROR;
				CLANG_WARN_DOCUMENTATION_COMMENTS = YES;
				CLANG_WARN_EMPTY_BODY = YES;
				CLANG_WARN_ENUM_CONVERSION = YES;
				CLANG_WARN_INFINITE_RECURSION = YES;
				CLANG_WARN_INT_CONVERSION = YES;
				CLANG_WARN_NON_LITERAL_NULL_CONVERSION = YES;
				CLANG_WARN_OBJC_IMPLICIT_RETAIN_SELF = YES;
				CLANG_WARN_OBJC_LITERAL_CONVERSION = YES;
				CLANG_WARN_OBJC_ROOT_CLASS = YES_ERROR;
				CLANG_WARN_RANGE_LOOP_ANALYSIS = YES;
				CLANG_WARN_STRICT_PROTOTYPES = YES;
				CLANG_WARN_SUSPICIOUS_MOVE = YES;
				CLANG_WARN_UNGUARDED_AVAILABILITY = YES_AGGRESSIVE;
				CLANG_WARN_UNREACHABLE_CODE = YES;
				CLANG_WARN__DUPLICATE_METHOD_MATCH = YES;
				CODE_SIGN_IDENTITY = "iPhone Developer";
				COPY_PHASE_STRIP = NO;
				DEBUG_INFORMATION_FORMAT = "dwarf-with-dsym";
				ENABLE_NS_ASSERTIONS = NO;
				ENABLE_STRICT_OBJC_MSGSEND = YES;
				GCC_C_LANGUAGE_STANDARD = gnu11;
				GCC_NO_COMMON_BLOCKS = YES;
				GCC_WARN_64_TO_32_BIT_CONVERSION = YES;
				GCC_WARN_ABOUT_RETURN_TYPE = YES_ERROR;
				GCC_WARN_UNDECLARED_SELECTOR = YES;
				GCC_WARN_UNINITIALIZED_AUTOS = YES_AGGRESSIVE;
				GCC_WARN_UNUSED_FUNCTION = YES;
				GCC_WARN_UNUSED_VARIABLE = YES;
				IPHONEOS_DEPLOYMENT_TARGET = 11.3;
				MTL_ENABLE_DEBUG_INFO = NO;
				SDKROOT = iphoneos;
				SWIFT_COMPILATION_MODE = wholemodule;
				SWIFT_OPTIMIZATION_LEVEL = "-O";
				VALIDATE_PRODUCT = YES;
			};
			name = Release;
		};
		224FC7FF20888CAD000F8B57 /* Debug */ = {
			isa = XCBuildConfiguration;
			buildSettings = {
				ASSETCATALOG_COMPILER_APPICON_NAME = AppIcon;
				CODE_SIGN_STYLE = Automatic;
				DEVELOPMENT_TEAM = 9SHB2XN8DJ;
				INFOPLIST_FILE = Todoey/Info.plist;
				LD_RUNPATH_SEARCH_PATHS = (
					"$(inherited)",
					"@executable_path/Frameworks",
				);
				PRODUCT_BUNDLE_IDENTIFIER = com.bcankardes.Todoey;
				PRODUCT_NAME = "$(TARGET_NAME)";
				SWIFT_VERSION = 4.0;
				TARGETED_DEVICE_FAMILY = "1,2";
			};
			name = Debug;
		};
		224FC80020888CAD000F8B57 /* Release */ = {
			isa = XCBuildConfiguration;
			buildSettings = {
				ASSETCATALOG_COMPILER_APPICON_NAME = AppIcon;
				CODE_SIGN_STYLE = Automatic;
				DEVELOPMENT_TEAM = 9SHB2XN8DJ;
				INFOPLIST_FILE = Todoey/Info.plist;
				LD_RUNPATH_SEARCH_PATHS = (
					"$(inherited)",
					"@executable_path/Frameworks",
				);
				PRODUCT_BUNDLE_IDENTIFIER = com.bcankardes.Todoey;
				PRODUCT_NAME = "$(TARGET_NAME)";
				SWIFT_VERSION = 4.0;
				TARGETED_DEVICE_FAMILY = "1,2";
			};
			name = Release;
		};
/* End XCBuildConfiguration section */

/* Begin XCConfigurationList section */
		224FC7E720888CAB000F8B57 /* Build configuration list for PBXProject "Todoey" */ = {
			isa = XCConfigurationList;
			buildConfigurations = (
				224FC7FC20888CAD000F8B57 /* Debug */,
				224FC7FD20888CAD000F8B57 /* Release */,
			);
			defaultConfigurationIsVisible = 0;
			defaultConfigurationName = Release;
		};
		224FC7FE20888CAD000F8B57 /* Build configuration list for PBXNativeTarget "Todoey" */ = {
			isa = XCConfigurationList;
			buildConfigurations = (
				224FC7FF20888CAD000F8B57 /* Debug */,
				224FC80020888CAD000F8B57 /* Release */,
			);
			defaultConfigurationIsVisible = 0;
			defaultConfigurationName = Release;
		};
/* End XCConfigurationList section */

/* Begin XCVersionGroup section */
		22560EB8208A03DD0065A7FD /* DataModel.xcdatamodeld */ = {
			isa = XCVersionGroup;
			children = (
				22560EB9208A03DD0065A7FD /* DataModel.xcdatamodel */,
			);
			currentVersion = 22560EB9208A03DD0065A7FD /* DataModel.xcdatamodel */;
			path = DataModel.xcdatamodeld;
			sourceTree = "<group>";
			versionGroupType = wrapper.xcdatamodel;
		};
/* End XCVersionGroup section */
	};
	rootObject = 224FC7E420888CAB000F8B57 /* Project object */;
}
